github.com/aws/aws-sdk-go-v2 v1.6.0/go.mod h1:tI4KhsR5VkzlUa2DZAdwx7wCAYGwkZZ1H31PYrBFx1w=
github.com/aws/aws-sdk-go-v2 v1.7.0 h1:UYGnoIPIzed+ycmgw8Snb/0HK+KlMD+SndLTneG8ncE=
github.com/aws/aws-sdk-go-v2 v1.7.0/go.mod h1:tb9wi5s61kTDA5qCkcDbt3KRVV74GGslQkl/DRdX/P4=
github.com/aws/aws-sdk-go-v2/config v1.3.0 h1:0JAnp0WcsgKilFLiZEScUTKIvTKa2LkicadZADza+u0=
github.com/aws/aws-sdk-go-v2/config v1.3.0/go.mod h1:lOxzHWDt/k7MMidA/K8DgXL4+ynnZYsDq65Qhs/l3dg=
github.com/aws/aws-sdk-go-v2/credentials v1.2.1 h1:AqQ8PzWll1wegNUOfIKcbp/JspTbJl54gNonrO6VUsY=
github.com/aws/aws-sdk-go-v2/credentials v1.2.1/go.mod h1:Rfvim1eZTC9W5s8YJyYYtl1KMk6e8fHv+wMRQGO4Ru0=
github.com/aws/aws-sdk-go-v2/feature/ec2/imds v1.1.1 h1:w1ocBIhQkLgupEB3d0uOuBddqVYl0xpubz7HSTzWG8A=
github.com/aws/aws-sdk-go-v2/feature/ec2/imds v1.1.1/go.mod h1:GTXAhrxHQOj9N+J5tYVjwt+rpRyy/42qLjlgw9pz1a0=
github.com/aws/aws-sdk-go-v2/feature/s3/manager v1.2.3 h1:5ohEP3BSrq8HMJLgVkEuEDGHRYfqc/ewqp0w9RFHYwk=
github.com/aws/aws-sdk-go-v2/feature/s3/manager v1.2.3/go.mod h1:Xw5ywFlWuddXMxz/Pz4Qu4So7JuR7BpK6KdKx5dUhdg=
github.com/aws/aws-sdk-go-v2/internal/ini v1.0.0 h1:k7I9E6tyVWBo7H9ffpnxDWudtjau6Qt9rnOYgV+ciEQ=
github.com/aws/aws-sdk-go-v2/internal/ini v1.0.0/go.mod h1:g3XMXuxvqSMUjnsXXp/960152w0wFS4CXVYgQaSVOHE=
github.com/aws/aws-sdk-go-v2/service/internal/accept-encoding v1.1.0 h1:XwqxIO9LtNXznBbEMNGumtLN60k4nVqDpVwVWx3XU/o=
github.com/aws/aws-sdk-go-v2/service/internal/accept-encoding v1.1.0/go.mod h1:zdjOOy0ojUn3iNELo6ycIHSMCp4xUbycSHfb8PnbbyM=
github.com/aws/aws-sdk-go-v2/service/internal/presigned-url v1.1.1 h1:l7pDLsmOGrnR8LT+3gIv8NlHpUhs7220E457KEC2UM0=
github.com/aws/aws-sdk-go-v2/service/internal/presigned-url v1.1.1/go.mod h1:2+ehJPkdIdl46VCj67Emz/EH2hpebHZtaLdzqg+sWOI=
github.com/aws/aws-sdk-go-v2/service/internal/s3shared v1.4.0 h1:VacTNowcxS2WG9cmHbBi7nYq34xFSud7OYSkezf2VyQ=
github.com/aws/aws-sdk-go-v2/service/internal/s3shared v1.4.0/go.mod h1:IpjxfORBAFfkMM0VEx5gPPnEy6WV4Hk0F/+zb/SUWyw=
github.com/aws/aws-sdk-go-v2/service/mediastore v1.3.0 h1:aGnHAEOO18O/lXQN9j8IJLCSMB0aRO4Ezs+x3xB1Liw=
github.com/aws/aws-sdk-go-v2/service/mediastore v1.3.0/go.mod h1:kQsahojAM5TXKNvWNe2Ot6xVjBG4z5r5uSRiyc9Kzis=
github.com/aws/aws-sdk-go-v2/service/mediastoredata v1.3.1 h1:PGm7PryleqnQh+v91N0lwLqLS4ECVKf6kMN+jNSIrP8=
github.com/aws/aws-sdk-go-v2/service/mediastoredata v1.3.1/go.mod h1:sjbk7DiVZKyv+dEHG87fbmuszzfSnYo1ETHKVLofbFo=
github.com/aws/aws-sdk-go-v2/service/s3 v1.10.0 h1:BPUiwgs2sTnu1pzBa2oblYzo0qXLfVPblb6QVqcZWkg=
github.com/aws/aws-sdk-go-v2/service/s3 v1.10.0/go.mod h1:azwgEajHWHcobFQRqwHcwLv+m/aip/uZnuqpFm1MSZ4=
github.com/aws/aws-sdk-go-v2/service/sso v1.2.1 h1:alpXc5UG7al7QnttHe/9hfvUfitV8r3w0onPpPkGzi0=
github.com/aws/aws-sdk-go-v2/service/sso v1.2.1/go.mod h1:VimPFPltQ/920i1X0Sb0VJBROLIHkDg2MNP10D46OGs=
github.com/aws/aws-sdk-go-v2/service/sts v1.4.1 h1:9Z00tExoaLutWVDmY6LyvIAcKjHetkbdmpRt4JN/FN0=
github.com/aws/aws-sdk-go-v2/service/sts v1.4.1/go.mod h1:G9osDWA52WQ38BDcj65VY1cNmcAQXAXTsE8IWH8j81w=
github.com/aws/smithy-go v1.4.0/go.mod h1:SObp3lf9smib00L/v3U2eAKG8FyQ7iLrJnQiAmR5n+E=
github.com/aws/smithy-go v1.5.0 h1:2grDq7LxZlo8BZUDeqRfQnQWLZpInmh2TLPPkJku3YM=
github.com/aws/smithy-go v1.5.0/go.mod h1:SObp3lf9smib00L/v3U2eAKG8FyQ7iLrJnQiAmR5n+E=
github.com/davecgh/go-spew v1.1.0/go.mod h1:J7Y8YcW2NihsgmVo/mv3lAwl/skON4iLHjSsI+c5H38=
github.com/davecgh/go-spew v1.1.1 h1:vj9j/u1bqnvCEfJOwUhtlOARqs3+rkHYY13jYWTU97c=
github.com/davecgh/go-spew v1.1.1/go.mod h1:J7Y8YcW2NihsgmVo/mv3lAwl/skON4iLHjSsI+c5H38=
github.com/google/go-cmp v0.5.4 h1:L8R9j+yAqZuZjsqh/z+F1NCffTKKLShY6zXTItVIZ8M=
github.com/google/go-cmp v0.5.4/go.mod h1:v8dTdLbMG2kIc/vJvl+f65V22dbkXbowE6jgT/gNBxE=
github.com/jmespath/go-jmespath v0.4.0 h1:BEgLn5cpjn8UN1mAw4NjwDrS35OdebyEtFe+9YPoQUg=
github.com/jmespath/go-jmespath v0.4.0/go.mod h1:T8mJZnbsbmF+m6zOOFylbeCJqk5+pHWvzYPziyZiYoo=
github.com/jmespath/go-jmespath/internal/testify v1.5.1 h1:shLQSRRSCCPj3f2gpwzGwWFoC7ycTf1rcQZHOlsJ6N8=
github.com/jmespath/go-jmespath/internal/testify v1.5.1/go.mod h1:L3OGu8Wl2/fWfCI6z80xFu9LTZmf1ZRjMHUOPmWr69U=
github.com/kelseyhightower/envconfig v1.4.0 h1:Im6hONhd3pLkfDFsbRgu68RDNkGF1r3dvMUtDTo2cv8=
github.com/kelseyhightower/envconfig v1.4.0/go.mod h1:cccZRl6mQpaq41TPp5QxidR+Sa3axMbJDNb//FQX6Gg=
github.com/pmezard/go-difflib v1.0.0 h1:4DBwDE0NGyQoBHbLQYPwSUPoCMWR5BEzIk/f1lZbAQM=
github.com/pmezard/go-difflib v1.0.0/go.mod h1:iKH77koFhYxTK1pcRnkKkqfTogsbg7gZNVY4sRDYZ/4=
github.com/sirupsen/logrus v1.8.1 h1:dJKuHgqk1NNQlqoA6BTlM1Wf9DOH3NBjQyu0h9+AZZE=
github.com/sirupsen/logrus v1.8.1/go.mod h1:yWOB1SBYBC5VeMP7gHvWumXLIWorT60ONWic61uBYv0=
github.com/stretchr/objx v0.1.0/go.mod h1:HFkY916IF+rwdDfMAkV7OtwuqBVzrE8GR6GFx+wExME=
github.com/stretchr/testify v1.2.2 h1:bSDNvY7ZPG5RlJ8otE/7V6gMiyenm9RtJ7IUVIAoJ1w=
github.com/stretchr/testify v1.2.2/go.mod h1:a8OnRcib4nhh0OaRAV+Yts87kKdq0PP7pXfy6kDkUVs=
golang.org/x/sys v0.0.0-20191026070338-33540a1f6037 h1:YyJpGZS1sBuBCzLAR1VEpK193GlqGZbnPFnPV/5Rsb4=
golang.org/x/sys v0.0.0-20191026070338-33540a1f6037/go.mod h1:h1NjWce9XRLGQEsW7wpKNCjG9DtNlClVuFLEZdDNbEs=
golang.org/x/xerrors v0.0.0-20191204190536-9bdfabe68543 h1:E7g+9GITq07hpfrRu66IVDexMakfv52eLZ2CXBWiKr4=
golang.org/x/xerrors v0.0.0-20191204190536-9bdfabe68543/go.mod h1:I/5z698sn9Ka8TeJc9MKroUUfqBBauWjQqLJ2OPfmY0=
gopkg.in/check.v1 v0.0.0-20161208181325-20d25e280405/go.mod h1:Co6ibVJAznAaIkqp8huTwlJQCZ016jof/cbN4VW5Yz0=
gopkg.in/yaml.v2 v2.2.8 h1:obN1ZagJSUGI0Ek/LBmuj4SNLPfIny3KsKFopxRdj10=
gopkg.in/yaml.v2 v2.2.8/go.mod h1:hI93XBmqTisBFMUTm0b8Fm+jr3Dg1NNxqwp+5A1VGuI=
