github.com/aws/aws-sdk-go-v2 v1.2.1/go.mod h1:hTQc/9pYq5bfFACIUY9tc/2SYWd9Vnmw+testmuQeRY=
github.com/aws/aws-sdk-go-v2 v1.3.0 h1:2B/SbB1oOJe8RSl/TIgE11BDE4sX7Z+JupLxTdA2Rjs=
github.com/aws/aws-sdk-go-v2 v1.3.0/go.mod h1:hTQc/9pYq5bfFACIUY9tc/2SYWd9Vnmw+testmuQeRY=
github.com/aws/aws-sdk-go-v2/config v1.1.3 h1:pYDr4DTr0w4GfweXhX2ns1ZGyH46nLP/ZeQQodl1s68=
github.com/aws/aws-sdk-go-v2/config v1.1.3/go.mod h1:yf3tNRNqZKlylefSdp5R3v+sm1el90fhUTcSa/t69Ro=
github.com/aws/aws-sdk-go-v2/credentials v1.1.3 h1:Q0S5OPP4l9kWrmPNK500pdQhg81x4E3UpvugYG5Wilc=
github.com/aws/aws-sdk-go-v2/credentials v1.1.3/go.mod h1:afuzRuLhPEe08fePFh4gI9jnHuXd8AJDCYZNo3rKRKE=
github.com/aws/aws-sdk-go-v2/feature/ec2/imds v1.0.4 h1:V7DbyJMo5kq31ZiyQMmjihjexftM1oJ6luRs09M5/Uc=
github.com/aws/aws-sdk-go-v2/feature/ec2/imds v1.0.4/go.mod h1:BDw1ukadBHn//M/n7LqpEgimGS0QtiJePnygMsbuYMs=
github.com/aws/aws-sdk-go-v2/feature/s3/manager v1.1.0 h1:x0h5qTMX/PuZvWNGw+j54Kd90unUZ9F61V6k8xicjPg=
github.com/aws/aws-sdk-go-v2/feature/s3/manager v1.1.0/go.mod h1:5oEyw9TcMEGbK8qdQqqW4jx8OKlqYen0tVXAyt/NjiU=
github.com/aws/aws-sdk-go-v2/service/internal/accept-encoding v1.0.2 h1:GO0pL4QvQmA0fXJe3MHVO+emtg31MYq5/8sebSWgE6A=
github.com/aws/aws-sdk-go-v2/service/internal/accept-encoding v1.0.2/go.mod h1:bYl7lGFQQdHia3uMQH4p6ImnuOeDNeUoydoXM5x8Yzw=
github.com/aws/aws-sdk-go-v2/service/internal/presigned-url v1.0.4 h1:DRIpujxvhdv3+xLXCoaKk1VB4vk/Sh8sIOBewLJJpes=
github.com/aws/aws-sdk-go-v2/service/internal/presigned-url v1.0.4/go.mod h1:DGOKKGeqXdIWX3xD5DKr4otrgNw5cstwUCJYwSKxbp0=
github.com/aws/aws-sdk-go-v2/service/internal/s3shared v1.2.0 h1:UyMohSBk67eLigx1H5x7/kuy/WHnh/uh6OYMgHBRuJQ=
github.com/aws/aws-sdk-go-v2/service/internal/s3shared v1.2.0/go.mod h1:1HPAelAWrpuMzwS4uZZuXVRuVYK7exd4Orhj8zEZekI=
github.com/aws/aws-sdk-go-v2/service/mediastore v1.1.3 h1:nX9GKufQhQoeBux599ThjIyQpCvKZsonBV9BxZHfFZw=
github.com/aws/aws-sdk-go-v2/service/mediastore v1.1.3/go.mod h1:EVK90DLl6yfxvSxP2sAFyYDIliAP6G33injoF+5VRiA=
github.com/aws/aws-sdk-go-v2/service/mediastoredata v1.1.2 h1:38W+sBrW2weOcAThObfxZ80LeV1dbpUErNCUim2U+ts=
github.com/aws/aws-sdk-go-v2/service/mediastoredata v1.1.2/go.mod h1:s8EcJRztWv+Kuen324zUt4srphC9oeHazjqZGyjSwHY=
github.com/aws/aws-sdk-go-v2/service/s3 v1.3.0 h1:BBDKiFdz43IZPM74E4M4SckrBMHMGaHG+JEnTQ6vWvc=
github.com/aws/aws-sdk-go-v2/service/s3 v1.3.0/go.mod h1:vxUWTczq2syysv2JTx4F+ABmzGGE2Py5BfON41O368w=
github.com/aws/aws-sdk-go-v2/service/sso v1.1.3 h1:NVLHdz3KtZhCrX0GWZKpdINKuDh7PsaZ8Vsr4OxP88s=
github.com/aws/aws-sdk-go-v2/service/sso v1.1.3/go.mod h1:F1l5lKzDzoY3/0cFbB3AA/ey9MsNiH5rhf6HOssy1/Q=
github.com/aws/aws-sdk-go-v2/service/sts v1.2.0 h1:fGo3atNqTj3SOu1VKb52BUzRcYOhrpJ1wHrzTuMs+QA=
github.com/aws/aws-sdk-go-v2/service/sts v1.2.0/go.mod h1:iGyHChDhzbddWEbC/+g/mT3z+A2JTJthcw+8QubXSgk=
github.com/aws/smithy-go v1.2.0 h1:0PoGBWXkXDIyVdPaZW9gMhaGzj3UOAgTdiVoHuuZAFA=
github.com/aws/smithy-go v1.2.0/go.mod h1:SObp3lf9smib00L/v3U2eAKG8FyQ7iLrJnQiAmR5n+E=
github.com/davecgh/go-spew v1.1.0/go.mod h1:J7Y8YcW2NihsgmVo/mv3lAwl/skON4iLHjSsI+c5H38=
github.com/davecgh/go-spew v1.1.1 h1:vj9j/u1bqnvCEfJOwUhtlOARqs3+rkHYY13jYWTU97c=
github.com/davecgh/go-spew v1.1.1/go.mod h1:J7Y8YcW2NihsgmVo/mv3lAwl/skON4iLHjSsI+c5H38=
github.com/google/go-cmp v0.5.4 h1:L8R9j+yAqZuZjsqh/z+F1NCffTKKLShY6zXTItVIZ8M=
github.com/google/go-cmp v0.5.4/go.mod h1:v8dTdLbMG2kIc/vJvl+f65V22dbkXbowE6jgT/gNBxE=
github.com/jmespath/go-jmespath v0.4.0 h1:BEgLn5cpjn8UN1mAw4NjwDrS35OdebyEtFe+9YPoQUg=
github.com/jmespath/go-jmespath v0.4.0/go.mod h1:T8mJZnbsbmF+m6zOOFylbeCJqk5+pHWvzYPziyZiYoo=
github.com/jmespath/go-jmespath/internal/testify v1.5.1 h1:shLQSRRSCCPj3f2gpwzGwWFoC7ycTf1rcQZHOlsJ6N8=
github.com/jmespath/go-jmespath/internal/testify v1.5.1/go.mod h1:L3OGu8Wl2/fWfCI6z80xFu9LTZmf1ZRjMHUOPmWr69U=
github.com/kelseyhightower/envconfig v1.4.0 h1:Im6hONhd3pLkfDFsbRgu68RDNkGF1r3dvMUtDTo2cv8=
github.com/kelseyhightower/envconfig v1.4.0/go.mod h1:cccZRl6mQpaq41TPp5QxidR+Sa3axMbJDNb//FQX6Gg=
github.com/pmezard/go-difflib v1.0.0 h1:4DBwDE0NGyQoBHbLQYPwSUPoCMWR5BEzIk/f1lZbAQM=
github.com/pmezard/go-difflib v1.0.0/go.mod h1:iKH77koFhYxTK1pcRnkKkqfTogsbg7gZNVY4sRDYZ/4=
github.com/sirupsen/logrus v1.8.1 h1:dJKuHgqk1NNQlqoA6BTlM1Wf9DOH3NBjQyu0h9+AZZE=
github.com/sirupsen/logrus v1.8.1/go.mod h1:yWOB1SBYBC5VeMP7gHvWumXLIWorT60ONWic61uBYv0=
github.com/stretchr/objx v0.1.0/go.mod h1:HFkY916IF+rwdDfMAkV7OtwuqBVzrE8GR6GFx+wExME=
github.com/stretchr/testify v1.2.2 h1:bSDNvY7ZPG5RlJ8otE/7V6gMiyenm9RtJ7IUVIAoJ1w=
github.com/stretchr/testify v1.2.2/go.mod h1:a8OnRcib4nhh0OaRAV+Yts87kKdq0PP7pXfy6kDkUVs=
golang.org/x/sys v0.0.0-20191026070338-33540a1f6037 h1:YyJpGZS1sBuBCzLAR1VEpK193GlqGZbnPFnPV/5Rsb4=
golang.org/x/sys v0.0.0-20191026070338-33540a1f6037/go.mod h1:h1NjWce9XRLGQEsW7wpKNCjG9DtNlClVuFLEZdDNbEs=
golang.org/x/xerrors v0.0.0-20191204190536-9bdfabe68543 h1:E7g+9GITq07hpfrRu66IVDexMakfv52eLZ2CXBWiKr4=
golang.org/x/xerrors v0.0.0-20191204190536-9bdfabe68543/go.mod h1:I/5z698sn9Ka8TeJc9MKroUUfqBBauWjQqLJ2OPfmY0=
gopkg.in/check.v1 v0.0.0-20161208181325-20d25e280405/go.mod h1:Co6ibVJAznAaIkqp8huTwlJQCZ016jof/cbN4VW5Yz0=
gopkg.in/yaml.v2 v2.2.8 h1:obN1ZagJSUGI0Ek/LBmuj4SNLPfIny3KsKFopxRdj10=
gopkg.in/yaml.v2 v2.2.8/go.mod h1:hI93XBmqTisBFMUTm0b8Fm+jr3Dg1NNxqwp+5A1VGuI=
