# This file is autogenerated, do not edit; changes may be undone by the next 'dep ensure'.


[[projects]]
  name = "github.com/aws/aws-sdk-go-v2"
  packages = [
    "aws",
    "aws/awserr",
    "aws/defaults",
    "aws/ec2metadata",
    "aws/ec2rolecreds",
    "aws/endpointcreds",
    "aws/endpoints",
    "aws/external",
    "aws/signer/v4",
    "aws/stscreds",
    "internal/awsutil",
    "internal/sdk",
    "private/protocol",
    "private/protocol/query",
    "private/protocol/query/queryutil",
    "private/protocol/rest",
    "private/protocol/restxml",
    "private/protocol/xml/xmlutil",
    "service/s3",
    "service/s3/s3iface",
    "service/s3/s3manager",
    "service/sts"
  ]
  revision = "ac26486d921d336e20fec49e2afb348c801f0003"
  version = "v2.0.0-preview.1"

[[projects]]
  name = "github.com/go-ini/ini"
  packages = ["."]
  revision = "f280b3ba517bf5fc98922624f21fb0e7a92adaec"
  version = "v1.30.3"

[[projects]]
  name = "github.com/jmespath/go-jmespath"
  packages = ["."]
  revision = "0b12d6b5"

[[projects]]
  name = "github.com/kelseyhightower/envconfig"
  packages = ["."]
  revision = "f611eb38b3875cc3bd991ca91c51d06446afa14c"
  version = "v1.3.0"

[[projects]]
  name = "github.com/sirupsen/logrus"
  packages = ["."]
  revision = "f006c2ac4710855cf0f916dd6b77acf6b048dc6e"
  version = "v1.0.3"

[[projects]]
  branch = "master"
  name = "golang.org/x/crypto"
  packages = ["ssh/terminal"]
  revision = "687d4b818545e443c8ba223cbef20b1721afd4db"

[[projects]]
  branch = "master"
  name = "golang.org/x/sys"
  packages = [
    "unix",
    "windows"
  ]
  revision = "75813c647272dd855bda156405bf844a5414f5bf"

[solve-meta]
  analyzer-name = "dep"
  analyzer-version = 1
  inputs-digest = "d6ea4ab2bd07abd41c71deb051adaf5cff3f6fcee6013f09adb3ee2447f11f7d"
  solver-name = "gps-cdcl"
  solver-version = 1
